
Microsoft Visual Studio Solution File, Format Version 12.00
# Visual Studio Version 16
VisualStudioVersion = 16.0.31424.327
MinimumVisualStudioVersion = 10.0.40219.1
Project("{9A19103F-16F7-4668-BE54-9A1E7A4F7556}") = "PocHomeAssignmentRestApi", "PocHomeAssignmentRestApi.csproj", "{24F48B24-F412-4342-89BA-5330FAE86358}"
EndProject
Project("{9A19103F-16F7-4668-BE54-9A1E7A4F7556}") = "ReactGateway", "..\ReactGateway\ReactGateway.csproj", "{A95635B1-86C0-4616-A1CF-6959C50CA439}"
EndProject
Project("{9A19103F-16F7-4668-BE54-9A1E7A4F7556}") = "DataAccess", "..\DataAccess\DataAccess.csproj", "{CE537F7E-BDCA-4B07-8BB6-938894BFB1CB}"
EndProject
Global
	GlobalSection(SolutionConfigurationPlatforms) = preSolution
		Debug|Any CPU = Debug|Any CPU
		Release|Any CPU = Release|Any CPU
	EndGlobalSection
	GlobalSection(ProjectConfigurationPlatforms) = postSolution
		{24F48B24-F412-4342-89BA-5330FAE86358}.Debug|Any CPU.ActiveCfg = Debug|Any CPU
		{24F48B24-F412-4342-89BA-5330FAE86358}.Debug|Any CPU.Build.0 = Debug|Any CPU
		{24F48B24-F412-4342-89BA-5330FAE86358}.Release|Any CPU.ActiveCfg = Release|Any CPU
		{24F48B24-F412-4342-89BA-5330FAE86358}.Release|Any CPU.Build.0 = Release|Any CPU
		{A95635B1-86C0-4616-A1CF-6959C50CA439}.Debug|Any CPU.ActiveCfg = Debug|Any CPU
		{A95635B1-86C0-4616-A1CF-6959C50CA439}.Debug|Any CPU.Build.0 = Debug|Any CPU
		{A95635B1-86C0-4616-A1CF-6959C50CA439}.Release|Any CPU.ActiveCfg = Release|Any CPU
		{A95635B1-86C0-4616-A1CF-6959C50CA439}.Release|Any CPU.Build.0 = Release|Any CPU
		{CE537F7E-BDCA-4B07-8BB6-938894BFB1CB}.Debug|Any CPU.ActiveCfg = Debug|Any CPU
		{CE537F7E-BDCA-4B07-8BB6-938894BFB1CB}.Debug|Any CPU.Build.0 = Debug|Any CPU
		{CE537F7E-BDCA-4B07-8BB6-938894BFB1CB}.Release|Any CPU.ActiveCfg = Release|Any CPU
		{CE537F7E-BDCA-4B07-8BB6-938894BFB1CB}.Release|Any CPU.Build.0 = Release|Any CPU
	EndGlobalSection
	GlobalSection(SolutionProperties) = preSolution
		HideSolutionNode = FALSE
	EndGlobalSection
	GlobalSection(ExtensibilityGlobals) = postSolution
		SolutionGuid = {808663C1-3175-4D3B-9910-D198FD069E75}
	EndGlobalSection
EndGlobal
